// !$*UTF8*$!
{
	archiveVersion = 1;
	classes = {
	};
	objectVersion = 50;
	objects = {

/* Begin PBXBuildFile section */
		2199FBB0139F65EF31EA0A62 /* Pods_speakout.framework in Frameworks */ = {isa = PBXBuildFile; fileRef = 0E1A68237F320B08326E3939 /* Pods_speakout.framework */; };
		31F4C75D25FB557100043ADF /* speakoutApp.swift in Sources */ = {isa = PBXBuildFile; fileRef = 31F4C75C25FB557100043ADF /* speakoutApp.swift */; };
		31F4C75F25FB557100043ADF /* ContentView.swift in Sources */ = {isa = PBXBuildFile; fileRef = 31F4C75E25FB557100043ADF /* ContentView.swift */; };
		31F4C76125FB557500043ADF /* Assets.xcassets in Resources */ = {isa = PBXBuildFile; fileRef = 31F4C76025FB557500043ADF /* Assets.xcassets */; };
		31F4C76425FB557500043ADF /* Preview Assets.xcassets in Resources */ = {isa = PBXBuildFile; fileRef = 31F4C76325FB557500043ADF /* Preview Assets.xcassets */; };
		31F4C76D25FB55C000043ADF /* GoogleService-Info (1).plist in Resources */ = {isa = PBXBuildFile; fileRef = 31F4C76C25FB55C000043ADF /* GoogleService-Info (1).plist */; };
/* End PBXBuildFile section */

/* Begin PBXFileReference section */
		0E1A68237F320B08326E3939 /* Pods_speakout.framework */ = {isa = PBXFileReference; explicitFileType = wrapper.framework; includeInIndex = 0; path = Pods_speakout.framework; sourceTree = BUILT_PRODUCTS_DIR; };
		2217B4C7C3F2689A6D94E496 /* Pods-speakout.release.xcconfig */ = {isa = PBXFileReference; includeInIndex = 1; lastKnownFileType = text.xcconfig; name = "Pods-speakout.release.xcconfig"; path = "Target Support Files/Pods-speakout/Pods-speakout.release.xcconfig"; sourceTree = "<group>"; };
		31F4C75925FB557100043ADF /* speakout.app */ = {isa = PBXFileReference; explicitFileType = wrapper.application; includeInIndex = 0; path = speakout.app; sourceTree = BUILT_PRODUCTS_DIR; };
		31F4C75C25FB557100043ADF /* speakoutApp.swift */ = {isa = PBXFileReference; lastKnownFileType = sourcecode.swift; path = speakoutApp.swift; sourceTree = "<group>"; };
		31F4C75E25FB557100043ADF /* ContentView.swift */ = {isa = PBXFileReference; lastKnownFileType = sourcecode.swift; path = ContentView.swift; sourceTree = "<group>"; };
		31F4C76025FB557500043ADF /* Assets.xcassets */ = {isa = PBXFileReference; lastKnownFileType = folder.assetcatalog; path = Assets.xcassets; sourceTree = "<group>"; };
		31F4C76325FB557500043ADF /* Preview Assets.xcassets */ = {isa = PBXFileReference; lastKnownFileType = folder.assetcatalog; path = "Preview Assets.xcassets"; sourceTree = "<group>"; };
		31F4C76525FB557500043ADF /* Info.plist */ = {isa = PBXFileReference; lastKnownFileType = text.plist.xml; path = Info.plist; sourceTree = "<group>"; };
		31F4C76C25FB55C000043ADF /* GoogleService-Info (1).plist */ = {isa = PBXFileReference; fileEncoding = 4; lastKnownFileType = text.plist.xml; path = "GoogleService-Info (1).plist"; sourceTree = "<group>"; };
		A399CC16995F571780533D03 /* Pods-speakout.debug.xcconfig */ = {isa = PBXFileReference; includeInIndex = 1; lastKnownFileType = text.xcconfig; name = "Pods-speakout.debug.xcconfig"; path = "Target Support Files/Pods-speakout/Pods-speakout.debug.xcconfig"; sourceTree = "<group>"; };
/* End PBXFileReference section */

/* Begin PBXFrameworksBuildPhase section */
		31F4C75625FB557100043ADF /* Frameworks */ = {
			isa = PBXFrameworksBuildPhase;
			buildActionMask = 2147483647;
			files = (
				2199FBB0139F65EF31EA0A62 /* Pods_speakout.framework in Frameworks */,
			);
			runOnlyForDeploymentPostprocessing = 0;
		};
/* End PBXFrameworksBuildPhase section */

/* Begin PBXGroup section */
		31F4C75025FB557100043ADF = {
			isa = PBXGroup;
			children = (
				31F4C75B25FB557100043ADF /* speakout */,
				31F4C75A25FB557100043ADF /* Products */,
				721FBACF82C4A59EFCE7CD87 /* Pods */,
				7391BE04CC75061E86117A3E /* Frameworks */,
			);
			sourceTree = "<group>";
		};
		31F4C75A25FB557100043ADF /* Products */ = {
			isa = PBXGroup;
			children = (
				31F4C75925FB557100043ADF /* speakout.app */,
			);
			name = Products;
			sourceTree = "<group>";
		};
		31F4C75B25FB557100043ADF /* speakout */ = {
			isa = PBXGroup;
			children = (
				31F4C75C25FB557100043ADF /* speakoutApp.swift */,
				31F4C75E25FB557100043ADF /* ContentView.swift */,
				31F4C76025FB557500043ADF /* Assets.xcassets */,
				31F4C76525FB557500043ADF /* Info.plist */,
				31F4C76C25FB55C000043ADF /* GoogleService-Info (1).plist */,
				31F4C76225FB557500043ADF /* Preview Content */,
			);
			path = speakout;
			sourceTree = "<group>";
		};
		31F4C76225FB557500043ADF /* Preview Content */ = {
			isa = PBXGroup;
			children = (
				31F4C76325FB557500043ADF /* Preview Assets.xcassets */,
			);
			path = "Preview Content";
			sourceTree = "<group>";
		};
		721FBACF82C4A59EFCE7CD87 /* Pods */ = {
			isa = PBXGroup;
			children = (
				A399CC16995F571780533D03 /* Pods-speakout.debug.xcconfig */,
				2217B4C7C3F2689A6D94E496 /* Pods-speakout.release.xcconfig */,
			);
			name = Pods;
			path = Pods;
			sourceTree = "<group>";
		};
		7391BE04CC75061E86117A3E /* Frameworks */ = {
			isa = PBXGroup;
			children = (
				0E1A68237F320B08326E3939 /* Pods_speakout.framework */,
			);
			name = Frameworks;
			sourceTree = "<group>";
		};
/* End PBXGroup section */

/* Begin PBXNativeTarget section */
		31F4C75825FB557100043ADF /* speakout */ = {
			isa = PBXNativeTarget;
			buildConfigurationList = 31F4C76825FB557500043ADF /* Build configuration list for PBXNativeTarget "speakout" */;
			buildPhases = (
				644A393CC00F8EE942662488 /* [CP] Check Pods Manifest.lock */,
				31F4C75525FB557100043ADF /* Sources */,
				31F4C75625FB557100043ADF /* Frameworks */,
				31F4C75725FB557100043ADF /* Resources */,
				92D1099A3E0367E665DD6BF1 /* [CP] Embed Pods Frameworks */,
			);
			buildRules = (
			);
			dependencies = (
			);
			name = speakout;
			productName = speakout;
			productReference = 31F4C75925FB557100043ADF /* speakout.app */;
			productType = "com.apple.product-type.application";
		};
/* End PBXNativeTarget section */

/* Begin PBXProject section */
		31F4C75125FB557100043ADF /* Project object */ = {
			isa = PBXProject;
			attributes = {
				LastSwiftUpdateCheck = 1240;
				LastUpgradeCheck = 1240;
				TargetAttributes = {
					31F4C75825FB557100043ADF = {
						CreatedOnToolsVersion = 12.4;
					};
				};
			};
			buildConfigurationList = 31F4C75425FB557100043ADF /* Build configuration list for PBXProject "speakout" */;
			compatibilityVersion = "Xcode 9.3";
			developmentRegion = en;
			hasScannedForEncodings = 0;
			knownRegions = (
				en,
				Base,
			);
			mainGroup = 31F4C75025FB557100043ADF;
			productRefGroup = 31F4C75A25FB557100043ADF /* Products */;
			projectDirPath = "";
			projectRoot = "";
			targets = (
				31F4C75825FB557100043ADF /* speakout */,
			);
		};
/* End PBXProject section */

/* Begin PBXResourcesBuildPhase section */
		31F4C75725FB557100043ADF /* Resources */ = {
			isa = PBXResourcesBuildPhase;
			buildActionMask = 2147483647;
			files = (
				31F4C76425FB557500043ADF /* Preview Assets.xcassets in Resources */,
				31F4C76D25FB55C000043ADF /* GoogleService-Info (1).plist in Resources */,
				31F4C76125FB557500043ADF /* Assets.xcassets in Resources */,
			);
			runOnlyForDeploymentPostprocessing = 0;
		};
/* End PBXResourcesBuildPhase section */

/* Begin PBXShellScriptBuildPhase section */
		644A393CC00F8EE942662488 /* [CP] Check Pods Manifest.lock */ = {
			isa = PBXShellScriptBuildPhase;
			buildActionMask = 2147483647;
			files = (
			);
			inputFileListPaths = (
			);
			inputPaths = (
				"${PODS_PODFILE_DIR_PATH}/Podfile.lock",
				"${PODS_ROOT}/Manifest.lock",
			);
			name = "[CP] Check Pods Manifest.lock";
			outputFileListPaths = (
			);
			outputPaths = (
				"$(DERIVED_FILE_DIR)/Pods-speakout-checkManifestLockResult.txt",
			);
			runOnlyForDeploymentPostprocessing = 0;
			shellPath = /bin/sh;
			shellScript = "diff \"${PODS_PODFILE_DIR_PATH}/Podfile.lock\" \"${PODS_ROOT}/Manifest.lock\" > /dev/null\nif [ $? != 0 ] ; then\n    # print error to STDERR\n    echo \"error: The sandbox is not in sync with the Podfile.lock. Run 'pod install' or update your CocoaPods installation.\" >&2\n    exit 1\nfi\n# This output is used by Xcode 'outputs' to avoid re-running this script phase.\necho \"SUCCESS\" > \"${SCRIPT_OUTPUT_FILE_0}\"\n";
			showEnvVarsInLog = 0;
		};
		92D1099A3E0367E665DD6BF1 /* [CP] Embed Pods Frameworks */ = {
			isa = PBXShellScriptBuildPhase;
			buildActionMask = 2147483647;
			files = (
			);
			inputFileListPaths = (
				"${PODS_ROOT}/Target Support Files/Pods-speakout/Pods-speakout-frameworks-${CONFIGURATION}-input-files.xcfilelist",
			);
			name = "[CP] Embed Pods Frameworks";
			outputFileListPaths = (
				"${PODS_ROOT}/Target Support Files/Pods-speakout/Pods-speakout-frameworks-${CONFIGURATION}-output-files.xcfilelist",
			);
			runOnlyForDeploymentPostprocessing = 0;
			shellPath = /bin/sh;
			shellScript = "\"${PODS_ROOT}/Target Support Files/Pods-speakout/Pods-speakout-frameworks.sh\"\n";
			showEnvVarsInLog = 0;
		};
/* End PBXShellScriptBuildPhase section */

/* Begin PBXSourcesBuildPhase section */
		31F4C75525FB557100043ADF /* Sources */ = {
			isa = PBXSourcesBuildPhase;
			buildActionMask = 2147483647;
			files = (
				31F4C75F25FB557100043ADF /* ContentView.swift in Sources */,
				31F4C75D25FB557100043ADF /* speakoutApp.swift in Sources */,
			);
			runOnlyForDeploymentPostprocessing = 0;
		};
/* End PBXSourcesBuildPhase section */

/* Begin XCBuildConfiguration section */
		31F4C76625FB557500043ADF /* Debug */ = {
			isa = XCBuildConfiguration;
			buildSettings = {
				ALWAYS_SEARCH_USER_PATHS = NO;
				CLANG_ANALYZER_NONNULL = YES;
				CLANG_ANALYZER_NUMBER_OBJECT_CONVERSION = YES_AGGRESSIVE;
				CLANG_CXX_LANGUAGE_STANDARD = "gnu++14";
				CLANG_CXX_LIBRARY = "libc++";
				CLANG_ENABLE_MODULES = YES;
				CLANG_ENABLE_OBJC_ARC = YES;
				CLANG_ENABLE_OBJC_WEAK = YES;
				CLANG_WARN_BLOCK_CAPTURE_AUTORELEASING = YES;
				CLANG_WARN_BOOL_CONVERSION = YES;
				CLANG_WARN_COMMA = YES;
				CLANG_WARN_CONSTANT_CONVERSION = YES;
				CLANG_WARN_DEPRECATED_OBJC_IMPLEMENTATIONS = YES;
				CLANG_WARN_DIRECT_OBJC_ISA_USAGE = YES_ERROR;
				CLANG_WARN_DOCUMENTATION_COMMENTS = YES;
				CLANG_WARN_EMPTY_BODY = YES;
				CLANG_WARN_ENUM_CONVERSION = YES;
				CLANG_WARN_INFINITE_RECURSION = YES;
				CLANG_WARN_INT_CONVERSION = YES;
				CLANG_WARN_NON_LITERAL_NULL_CONVERSION = YES;
				CLANG_WARN_OBJC_IMPLICIT_RETAIN_SELF = YES;
				CLANG_WARN_OBJC_LITERAL_CONVERSION = YES;
				CLANG_WARN_OBJC_ROOT_CLASS = YES_ERROR;
				CLANG_WARN_QUOTED_INCLUDE_IN_FRAMEWORK_HEADER = YES;
				CLANG_WARN_RANGE_LOOP_ANALYSIS = YES;
				CLANG_WARN_STRICT_PROTOTYPES = YES;
				CLANG_WARN_SUSPICIOUS_MOVE = YES;
				CLANG_WARN_UNGUARDED_AVAILABILITY = YES_AGGRESSIVE;
				CLANG_WARN_UNREACHABLE_CODE = YES;
				CLANG_WARN__DUPLICATE_METHOD_MATCH = YES;
				COPY_PHASE_STRIP = NO;
				DEBUG_INFORMATION_FORMAT = dwarf;
				ENABLE_STRICT_OBJC_MSGSEND = YES;
				ENABLE_TESTABILITY = YES;
				GCC_C_LANGUAGE_STANDARD = gnu11;
				GCC_DYNAMIC_NO_PIC = NO;
				GCC_NO_COMMON_BLOCKS = YES;
				GCC_OPTIMIZATION_LEVEL = 0;
				GCC_PREPROCESSOR_DEFINITIONS = (
					"DEBUG=1",
					"$(inherited)",
				);
				GCC_WARN_64_TO_32_BIT_CONVERSION = YES;
				GCC_WARN_ABOUT_RETURN_TYPE = YES_ERROR;
				GCC_WARN_UNDECLARED_SELECTOR = YES;
				GCC_WARN_UNINITIALIZED_AUTOS = YES_AGGRESSIVE;
				GCC_WARN_UNUSED_FUNCTION = YES;
				GCC_WARN_UNUSED_VARIABLE = YES;
				IPHONEOS_DEPLOYMENT_TARGET = 14.4;
				MTL_ENABLE_DEBUG_INFO = INCLUDE_SOURCE;
				MTL_FAST_MATH = YES;
				ONLY_ACTIVE_ARCH = YES;
				SDKROOT = iphoneos;
				SWIFT_ACTIVE_COMPILATION_CONDITIONS = DEBUG;
				SWIFT_OPTIMIZATION_LEVEL = "-Onone";
			};
			name = Debug;
		};
		31F4C76725FB557500043ADF /* Release */ = {
			isa = XCBuildConfiguration;
			buildSettings = {
				ALWAYS_SEARCH_USER_PATHS = NO;
				CLANG_ANALYZER_NONNULL = YES;
				CLANG_ANALYZER_NUMBER_OBJECT_CONVERSION = YES_AGGRESSIVE;
				CLANG_CXX_LANGUAGE_STANDARD = "gnu++14";
				CLANG_CXX_LIBRARY = "libc++";
				CLANG_ENABLE_MODULES = YES;
				CLANG_ENABLE_OBJC_ARC = YES;
				CLANG_ENABLE_OBJC_WEAK = YES;
				CLANG_WARN_BLOCK_CAPTURE_AUTORELEASING = YES;
				CLANG_WARN_BOOL_CONVERSION = YES;
				CLANG_WARN_COMMA = YES;
				CLANG_WARN_CONSTANT_CONVERSION = YES;
				CLANG_WARN_DEPRECATED_OBJC_IMPLEMENTATIONS = YES;
				CLANG_WARN_DIRECT_OBJC_ISA_USAGE = YES_ERROR;
				CLANG_WARN_DOCUMENTATION_COMMENTS = YES;
				CLANG_WARN_EMPTY_BODY = YES;
				CLANG_WARN_ENUM_CONVERSION = YES;
				CLANG_WARN_INFINITE_RECURSION = YES;
				CLANG_WARN_INT_CONVERSION = YES;
				CLANG_WARN_NON_LITERAL_NULL_CONVERSION = YES;
				CLANG_WARN_OBJC_IMPLICIT_RETAIN_SELF = YES;
				CLANG_WARN_OBJC_LITERAL_CONVERSION = YES;
				CLANG_WARN_OBJC_ROOT_CLASS = YES_ERROR;
				CLANG_WARN_QUOTED_INCLUDE_IN_FRAMEWORK_HEADER = YES;
				CLANG_WARN_RANGE_LOOP_ANALYSIS = YES;
				CLANG_WARN_STRICT_PROTOTYPES = YES;
				CLANG_WARN_SUSPICIOUS_MOVE = YES;
				CLANG_WARN_UNGUARDED_AVAILABILITY = YES_AGGRESSIVE;
				CLANG_WARN_UNREACHABLE_CODE = YES;
				CLANG_WARN__DUPLICATE_METHOD_MATCH = YES;
				COPY_PHASE_STRIP = NO;
				DEBUG_INFORMATION_FORMAT = "dwarf-with-dsym";
				ENABLE_NS_ASSERTIONS = NO;
				ENABLE_STRICT_OBJC_MSGSEND = YES;
				GCC_C_LANGUAGE_STANDARD = gnu11;
				GCC_NO_COMMON_BLOCKS = YES;
				GCC_WARN_64_TO_32_BIT_CONVERSION = YES;
				GCC_WARN_ABOUT_RETURN_TYPE = YES_ERROR;
				GCC_WARN_UNDECLARED_SELECTOR = YES;
				GCC_WARN_UNINITIALIZED_AUTOS = YES_AGGRESSIVE;
				GCC_WARN_UNUSED_FUNCTION = YES;
				GCC_WARN_UNUSED_VARIABLE = YES;
				IPHONEOS_DEPLOYMENT_TARGET = 14.4;
				MTL_ENABLE_DEBUG_INFO = NO;
				MTL_FAST_MATH = YES;
				SDKROOT = iphoneos;
				SWIFT_COMPILATION_MODE = wholemodule;
				SWIFT_OPTIMIZATION_LEVEL = "-O";
				VALIDATE_PRODUCT = YES;
			};
			name = Release;
		};
		31F4C76925FB557500043ADF /* Debug */ = {
			isa = XCBuildConfiguration;
			baseConfigurationReference = A399CC16995F571780533D03 /* Pods-speakout.debug.xcconfig */;
			buildSettings = {
				ASSETCATALOG_COMPILER_APPICON_NAME = AppIcon;
				ASSETCATALOG_COMPILER_GLOBAL_ACCENT_COLOR_NAME = AccentColor;
				CODE_SIGN_STYLE = Automatic;
				DEVELOPMENT_ASSET_PATHS = "\"speakout/Preview Content\"";
				DEVELOPMENT_TEAM = ZY3572H7QD;
				ENABLE_PREVIEWS = YES;
				INFOPLIST_FILE = speakout/Info.plist;
				IPHONEOS_DEPLOYMENT_TARGET = 14.0;
				LD_RUNPATH_SEARCH_PATHS = (
					"$(inherited)",
					"@executable_path/Frameworks",
				);
				PRODUCT_BUNDLE_IDENTIFIER = com.swikapps.speakout;
				PRODUCT_NAME = "$(TARGET_NAME)";
				SWIFT_VERSION = 5.0;
				TARGETED_DEVICE_FAMILY = 1;
			};
			name = Debug;
		};
		31F4C76A25FB557500043ADF /* Release */ = {
			isa = XCBuildConfiguration;
			baseConfigurationReference = 2217B4C7C3F2689A6D94E496 /* Pods-speakout.release.xcconfig */;
			buildSettings = {
				ASSETCATALOG_COMPILER_APPICON_NAME = AppIcon;
				ASSETCATALOG_COMPILER_GLOBAL_ACCENT_COLOR_NAME = AccentColor;
				CODE_SIGN_STYLE = Automatic;
				DEVELOPMENT_ASSET_PATHS = "\"speakout/Preview Content\"";
				DEVELOPMENT_TEAM = ZY3572H7QD;
				ENABLE_PREVIEWS = YES;
				INFOPLIST_FILE = speakout/Info.plist;
				IPHONEOS_DEPLOYMENT_TARGET = 14.0;
				LD_RUNPATH_SEARCH_PATHS = (
					"$(inherited)",
					"@executable_path/Frameworks",
				);
				PRODUCT_BUNDLE_IDENTIFIER = com.swikapps.speakout;
				PRODUCT_NAME = "$(TARGET_NAME)";
				SWIFT_VERSION = 5.0;
				TARGETED_DEVICE_FAMILY = 1;
			};
			name = Release;
		};
/* End XCBuildConfiguration section */

/* Begin XCConfigurationList section */
		31F4C75425FB557100043ADF /* Build configuration list for PBXProject "speakout" */ = {
			isa = XCConfigurationList;
			buildConfigurations = (
				31F4C76625FB557500043ADF /* Debug */,
				31F4C76725FB557500043ADF /* Release */,
			);
			defaultConfigurationIsVisible = 0;
			defaultConfigurationName = Release;
		};
		31F4C76825FB557500043ADF /* Build configuration list for PBXNativeTarget "speakout" */ = {
			isa = XCConfigurationList;
			buildConfigurations = (
				31F4C76925FB557500043ADF /* Debug */,
				31F4C76A25FB557500043ADF /* Release */,
			);
			defaultConfigurationIsVisible = 0;
			defaultConfigurationName = Release;
		};
/* End XCConfigurationList section */
	};
	rootObject = 31F4C75125FB557100043ADF /* Project object */;
}
